// !$*UTF8*$!
{
	archiveVersion = 1;
	classes = {
	};
	objectVersion = 51;
	objects = {

/* Begin PBXBuildFile section */
		65D5D90F261E21920082AA23 /* AppDelegate.swift in Sources */ = {isa = PBXBuildFile; fileRef = 65D5D90E261E21920082AA23 /* AppDelegate.swift */; };
		65D5D911261E21920082AA23 /* SceneDelegate.swift in Sources */ = {isa = PBXBuildFile; fileRef = 65D5D910261E21920082AA23 /* SceneDelegate.swift */; };
		65D5D916261E21920082AA23 /* Main.storyboard in Resources */ = {isa = PBXBuildFile; fileRef = 65D5D914261E21920082AA23 /* Main.storyboard */; };
		65D5D919261E21920082AA23 /* ItgTestTask.xcdatamodeld in Sources */ = {isa = PBXBuildFile; fileRef = 65D5D917261E21920082AA23 /* ItgTestTask.xcdatamodeld */; };
		65D5D91B261E21940082AA23 /* Assets.xcassets in Resources */ = {isa = PBXBuildFile; fileRef = 65D5D91A261E21940082AA23 /* Assets.xcassets */; };
		65D5D91E261E21940082AA23 /* LaunchScreen.storyboard in Resources */ = {isa = PBXBuildFile; fileRef = 65D5D91C261E21940082AA23 /* LaunchScreen.storyboard */; };
		65D5D929261E21940082AA23 /* ItgTestTaskTests.swift in Sources */ = {isa = PBXBuildFile; fileRef = 65D5D928261E21940082AA23 /* ItgTestTaskTests.swift */; };
		65D5D934261E21940082AA23 /* ItgTestTaskUITests.swift in Sources */ = {isa = PBXBuildFile; fileRef = 65D5D933261E21940082AA23 /* ItgTestTaskUITests.swift */; };
		65D5D953261E30F50082AA23 /* FirstScreenViewController.swift in Sources */ = {isa = PBXBuildFile; fileRef = 65D5D952261E30F50082AA23 /* FirstScreenViewController.swift */; };
		65D5D958261E31380082AA23 /* SecondScreenViewController.swift in Sources */ = {isa = PBXBuildFile; fileRef = 65D5D957261E31380082AA23 /* SecondScreenViewController.swift */; };
		65D5D965261E35810082AA23 /* UsersListModel.swift in Sources */ = {isa = PBXBuildFile; fileRef = 65D5D964261E35810082AA23 /* UsersListModel.swift */; };
		65D5D96D261E35CF0082AA23 /* User.swift in Sources */ = {isa = PBXBuildFile; fileRef = 65D5D96C261E35CF0082AA23 /* User.swift */; };
		65D5D972261E37C00082AA23 /* WebService.swift in Sources */ = {isa = PBXBuildFile; fileRef = 65D5D971261E37C00082AA23 /* WebService.swift */; };
		65D5D978261E41FF0082AA23 /* UserCell.swift in Sources */ = {isa = PBXBuildFile; fileRef = 65D5D976261E41FF0082AA23 /* UserCell.swift */; };
		65D5D979261E41FF0082AA23 /* UserCell.xib in Resources */ = {isa = PBXBuildFile; fileRef = 65D5D977261E41FF0082AA23 /* UserCell.xib */; };
		65D5DA3D262097F30082AA23 /* UsersListViewModel.swift in Sources */ = {isa = PBXBuildFile; fileRef = 65D5DA3C262097F30082AA23 /* UsersListViewModel.swift */; };
		65D5DA422620C6740082AA23 /* AlertDisplayer.swift in Sources */ = {isa = PBXBuildFile; fileRef = 65D5DA412620C6740082AA23 /* AlertDisplayer.swift */; };
		65D5DA5C2620D3320082AA23 /* ProfileViewModel.swift in Sources */ = {isa = PBXBuildFile; fileRef = 65D5DA5B2620D3320082AA23 /* ProfileViewModel.swift */; };
		6FAF7E7142A4E4454F7192E6 /* Pods_ItgTestTask.framework in Frameworks */ = {isa = PBXBuildFile; fileRef = 31416AF84884FCDA31785137 /* Pods_ItgTestTask.framework */; };
		78B213518A923E0ED72C6FE9 /* Pods_ItgTestTask_ItgTestTaskUITests.framework in Frameworks */ = {isa = PBXBuildFile; fileRef = 7BC8AD16C8DA5786F8889849 /* Pods_ItgTestTask_ItgTestTaskUITests.framework */; };
		AD3E7A921E69BFC59E2DD8AC /* Pods_ItgTestTaskTests.framework in Frameworks */ = {isa = PBXBuildFile; fileRef = 92D12489B9291053D6F8CF67 /* Pods_ItgTestTaskTests.framework */; };
/* End PBXBuildFile section */

/* Begin PBXContainerItemProxy section */
		65D5D925261E21940082AA23 /* PBXContainerItemProxy */ = {
			isa = PBXContainerItemProxy;
			containerPortal = 65D5D903261E21920082AA23 /* Project object */;
			proxyType = 1;
			remoteGlobalIDString = 65D5D90A261E21920082AA23;
			remoteInfo = ItgTestTask;
		};
		65D5D930261E21940082AA23 /* PBXContainerItemProxy */ = {
			isa = PBXContainerItemProxy;
			containerPortal = 65D5D903261E21920082AA23 /* Project object */;
			proxyType = 1;
			remoteGlobalIDString = 65D5D90A261E21920082AA23;
			remoteInfo = ItgTestTask;
		};
/* End PBXContainerItemProxy section */

/* Begin PBXFileReference section */
		2C48056E15BACA499C372A28 /* Pods-ItgTestTask.debug.xcconfig */ = {isa = PBXFileReference; includeInIndex = 1; lastKnownFileType = text.xcconfig; name = "Pods-ItgTestTask.debug.xcconfig"; path = "Target Support Files/Pods-ItgTestTask/Pods-ItgTestTask.debug.xcconfig"; sourceTree = "<group>"; };
		31416AF84884FCDA31785137 /* Pods_ItgTestTask.framework */ = {isa = PBXFileReference; explicitFileType = wrapper.framework; includeInIndex = 0; path = Pods_ItgTestTask.framework; sourceTree = BUILT_PRODUCTS_DIR; };
		65D5D90B261E21920082AA23 /* ItgTestTask.app */ = {isa = PBXFileReference; explicitFileType = wrapper.application; includeInIndex = 0; path = ItgTestTask.app; sourceTree = BUILT_PRODUCTS_DIR; };
		65D5D90E261E21920082AA23 /* AppDelegate.swift */ = {isa = PBXFileReference; lastKnownFileType = sourcecode.swift; path = AppDelegate.swift; sourceTree = "<group>"; };
		65D5D910261E21920082AA23 /* SceneDelegate.swift */ = {isa = PBXFileReference; lastKnownFileType = sourcecode.swift; path = SceneDelegate.swift; sourceTree = "<group>"; };
		65D5D915261E21920082AA23 /* Base */ = {isa = PBXFileReference; lastKnownFileType = file.storyboard; name = Base; path = Base.lproj/Main.storyboard; sourceTree = "<group>"; };
		65D5D918261E21920082AA23 /* ItgTestTask.xcdatamodel */ = {isa = PBXFileReference; lastKnownFileType = wrapper.xcdatamodel; path = ItgTestTask.xcdatamodel; sourceTree = "<group>"; };
		65D5D91A261E21940082AA23 /* Assets.xcassets */ = {isa = PBXFileReference; lastKnownFileType = folder.assetcatalog; path = Assets.xcassets; sourceTree = "<group>"; };
		65D5D91D261E21940082AA23 /* Base */ = {isa = PBXFileReference; lastKnownFileType = file.storyboard; name = Base; path = Base.lproj/LaunchScreen.storyboard; sourceTree = "<group>"; };
		65D5D91F261E21940082AA23 /* Info.plist */ = {isa = PBXFileReference; lastKnownFileType = text.plist.xml; path = Info.plist; sourceTree = "<group>"; };
		65D5D924261E21940082AA23 /* ItgTestTaskTests.xctest */ = {isa = PBXFileReference; explicitFileType = wrapper.cfbundle; includeInIndex = 0; path = ItgTestTaskTests.xctest; sourceTree = BUILT_PRODUCTS_DIR; };
		65D5D928261E21940082AA23 /* ItgTestTaskTests.swift */ = {isa = PBXFileReference; lastKnownFileType = sourcecode.swift; path = ItgTestTaskTests.swift; sourceTree = "<group>"; };
		65D5D92A261E21940082AA23 /* Info.plist */ = {isa = PBXFileReference; lastKnownFileType = text.plist.xml; path = Info.plist; sourceTree = "<group>"; };
		65D5D92F261E21940082AA23 /* ItgTestTaskUITests.xctest */ = {isa = PBXFileReference; explicitFileType = wrapper.cfbundle; includeInIndex = 0; path = ItgTestTaskUITests.xctest; sourceTree = BUILT_PRODUCTS_DIR; };
		65D5D933261E21940082AA23 /* ItgTestTaskUITests.swift */ = {isa = PBXFileReference; lastKnownFileType = sourcecode.swift; path = ItgTestTaskUITests.swift; sourceTree = "<group>"; };
		65D5D935261E21940082AA23 /* Info.plist */ = {isa = PBXFileReference; lastKnownFileType = text.plist.xml; path = Info.plist; sourceTree = "<group>"; };
		65D5D952261E30F50082AA23 /* FirstScreenViewController.swift */ = {isa = PBXFileReference; lastKnownFileType = sourcecode.swift; path = FirstScreenViewController.swift; sourceTree = "<group>"; };
		65D5D957261E31380082AA23 /* SecondScreenViewController.swift */ = {isa = PBXFileReference; lastKnownFileType = sourcecode.swift; path = SecondScreenViewController.swift; sourceTree = "<group>"; };
		65D5D964261E35810082AA23 /* UsersListModel.swift */ = {isa = PBXFileReference; lastKnownFileType = sourcecode.swift; path = UsersListModel.swift; sourceTree = "<group>"; };
		65D5D96C261E35CF0082AA23 /* User.swift */ = {isa = PBXFileReference; lastKnownFileType = sourcecode.swift; path = User.swift; sourceTree = "<group>"; };
		65D5D971261E37C00082AA23 /* WebService.swift */ = {isa = PBXFileReference; lastKnownFileType = sourcecode.swift; path = WebService.swift; sourceTree = "<group>"; };
		65D5D976261E41FF0082AA23 /* UserCell.swift */ = {isa = PBXFileReference; lastKnownFileType = sourcecode.swift; path = UserCell.swift; sourceTree = "<group>"; };
		65D5D977261E41FF0082AA23 /* UserCell.xib */ = {isa = PBXFileReference; lastKnownFileType = file.xib; path = UserCell.xib; sourceTree = "<group>"; };
		65D5DA3C262097F30082AA23 /* UsersListViewModel.swift */ = {isa = PBXFileReference; lastKnownFileType = sourcecode.swift; path = UsersListViewModel.swift; sourceTree = "<group>"; };
		65D5DA412620C6740082AA23 /* AlertDisplayer.swift */ = {isa = PBXFileReference; lastKnownFileType = sourcecode.swift; path = AlertDisplayer.swift; sourceTree = "<group>"; };
		65D5DA5B2620D3320082AA23 /* ProfileViewModel.swift */ = {isa = PBXFileReference; lastKnownFileType = sourcecode.swift; path = ProfileViewModel.swift; sourceTree = "<group>"; };
		7BC8AD16C8DA5786F8889849 /* Pods_ItgTestTask_ItgTestTaskUITests.framework */ = {isa = PBXFileReference; explicitFileType = wrapper.framework; includeInIndex = 0; path = Pods_ItgTestTask_ItgTestTaskUITests.framework; sourceTree = BUILT_PRODUCTS_DIR; };
		92D12489B9291053D6F8CF67 /* Pods_ItgTestTaskTests.framework */ = {isa = PBXFileReference; explicitFileType = wrapper.framework; includeInIndex = 0; path = Pods_ItgTestTaskTests.framework; sourceTree = BUILT_PRODUCTS_DIR; };
		BEF8A6310CB57E340180B60D /* Pods-ItgTestTask.release.xcconfig */ = {isa = PBXFileReference; includeInIndex = 1; lastKnownFileType = text.xcconfig; name = "Pods-ItgTestTask.release.xcconfig"; path = "Target Support Files/Pods-ItgTestTask/Pods-ItgTestTask.release.xcconfig"; sourceTree = "<group>"; };
		DE902BB72A10F9283AECD5BE /* Pods-ItgTestTask-ItgTestTaskUITests.debug.xcconfig */ = {isa = PBXFileReference; includeInIndex = 1; lastKnownFileType = text.xcconfig; name = "Pods-ItgTestTask-ItgTestTaskUITests.debug.xcconfig"; path = "Target Support Files/Pods-ItgTestTask-ItgTestTaskUITests/Pods-ItgTestTask-ItgTestTaskUITests.debug.xcconfig"; sourceTree = "<group>"; };
		EE614AB90D8E6752852E4E22 /* Pods-ItgTestTaskTests.debug.xcconfig */ = {isa = PBXFileReference; includeInIndex = 1; lastKnownFileType = text.xcconfig; name = "Pods-ItgTestTaskTests.debug.xcconfig"; path = "Target Support Files/Pods-ItgTestTaskTests/Pods-ItgTestTaskTests.debug.xcconfig"; sourceTree = "<group>"; };
		F03F558EC76568BEAA5BF0E1 /* Pods-ItgTestTask-ItgTestTaskUITests.release.xcconfig */ = {isa = PBXFileReference; includeInIndex = 1; lastKnownFileType = text.xcconfig; name = "Pods-ItgTestTask-ItgTestTaskUITests.release.xcconfig"; path = "Target Support Files/Pods-ItgTestTask-ItgTestTaskUITests/Pods-ItgTestTask-ItgTestTaskUITests.release.xcconfig"; sourceTree = "<group>"; };
		F37CCEBA36CA85E77A3924D8 /* Pods-ItgTestTaskTests.release.xcconfig */ = {isa = PBXFileReference; includeInIndex = 1; lastKnownFileType = text.xcconfig; name = "Pods-ItgTestTaskTests.release.xcconfig"; path = "Target Support Files/Pods-ItgTestTaskTests/Pods-ItgTestTaskTests.release.xcconfig"; sourceTree = "<group>"; };
/* End PBXFileReference section */

/* Begin PBXFrameworksBuildPhase section */
		65D5D908261E21920082AA23 /* Frameworks */ = {
			isa = PBXFrameworksBuildPhase;
			buildActionMask = 2147483647;
			files = (
				6FAF7E7142A4E4454F7192E6 /* Pods_ItgTestTask.framework in Frameworks */,
			);
			runOnlyForDeploymentPostprocessing = 0;
		};
		65D5D921261E21940082AA23 /* Frameworks */ = {
			isa = PBXFrameworksBuildPhase;
			buildActionMask = 2147483647;
			files = (
				AD3E7A921E69BFC59E2DD8AC /* Pods_ItgTestTaskTests.framework in Frameworks */,
			);
			runOnlyForDeploymentPostprocessing = 0;
		};
		65D5D92C261E21940082AA23 /* Frameworks */ = {
			isa = PBXFrameworksBuildPhase;
			buildActionMask = 2147483647;
			files = (
				78B213518A923E0ED72C6FE9 /* Pods_ItgTestTask_ItgTestTaskUITests.framework in Frameworks */,
			);
			runOnlyForDeploymentPostprocessing = 0;
		};
/* End PBXFrameworksBuildPhase section */

/* Begin PBXGroup section */
		65D5D902261E21920082AA23 = {
			isa = PBXGroup;
			children = (
				65D5D90D261E21920082AA23 /* ItgTestTask */,
				65D5D927261E21940082AA23 /* ItgTestTaskTests */,
				65D5D932261E21940082AA23 /* ItgTestTaskUITests */,
				65D5D90C261E21920082AA23 /* Products */,
				82DE3847E374AF497BA04CE3 /* Pods */,
				B3E59ED981568879F513EA71 /* Frameworks */,
			);
			sourceTree = "<group>";
		};
		65D5D90C261E21920082AA23 /* Products */ = {
			isa = PBXGroup;
			children = (
				65D5D90B261E21920082AA23 /* ItgTestTask.app */,
				65D5D924261E21940082AA23 /* ItgTestTaskTests.xctest */,
				65D5D92F261E21940082AA23 /* ItgTestTaskUITests.xctest */,
			);
			name = Products;
			sourceTree = "<group>";
		};
		65D5D90D261E21920082AA23 /* ItgTestTask */ = {
			isa = PBXGroup;
			children = (
				65D5D91F261E21940082AA23 /* Info.plist */,
				65D5DA6026211C1F0082AA23 /* General */,
				65D5DA14261F5C9A0082AA23 /* Extentions */,
				65D5D94E261E21D20082AA23 /* Services */,
				65D5D94D261E21C50082AA23 /* View Models */,
				65D5D94C261E21B10082AA23 /* Controllers */,
				65D5D945261E21A90082AA23 /* Views */,
				65D5D944261E219E0082AA23 /* Models */,
				65D5D917261E21920082AA23 /* ItgTestTask.xcdatamodeld */,
			);
			path = ItgTestTask;
			sourceTree = "<group>";
		};
		65D5D927261E21940082AA23 /* ItgTestTaskTests */ = {
			isa = PBXGroup;
			children = (
				65D5D928261E21940082AA23 /* ItgTestTaskTests.swift */,
				65D5D92A261E21940082AA23 /* Info.plist */,
			);
			path = ItgTestTaskTests;
			sourceTree = "<group>";
		};
		65D5D932261E21940082AA23 /* ItgTestTaskUITests */ = {
			isa = PBXGroup;
			children = (
				65D5D933261E21940082AA23 /* ItgTestTaskUITests.swift */,
				65D5D935261E21940082AA23 /* Info.plist */,
			);
			path = ItgTestTaskUITests;
			sourceTree = "<group>";
		};
		65D5D944261E219E0082AA23 /* Models */ = {
			isa = PBXGroup;
			children = (
				65D5D964261E35810082AA23 /* UsersListModel.swift */,
				65D5D96C261E35CF0082AA23 /* User.swift */,
			);
			path = Models;
			sourceTree = "<group>";
		};
		65D5D945261E21A90082AA23 /* Views */ = {
			isa = PBXGroup;
			children = (
				65D5D914261E21920082AA23 /* Main.storyboard */,
				65D5D976261E41FF0082AA23 /* UserCell.swift */,
				65D5D977261E41FF0082AA23 /* UserCell.xib */,
			);
			path = Views;
			sourceTree = "<group>";
		};
		65D5D94C261E21B10082AA23 /* Controllers */ = {
			isa = PBXGroup;
			children = (
				65D5D952261E30F50082AA23 /* FirstScreenViewController.swift */,
				65D5D957261E31380082AA23 /* SecondScreenViewController.swift */,
			);
			path = Controllers;
			sourceTree = "<group>";
		};
		65D5D94D261E21C50082AA23 /* View Models */ = {
			isa = PBXGroup;
			children = (
				65D5DA3C262097F30082AA23 /* UsersListViewModel.swift */,
				65D5DA5B2620D3320082AA23 /* ProfileViewModel.swift */,
			);
			path = "View Models";
			sourceTree = "<group>";
		};
		65D5D94E261E21D20082AA23 /* Services */ = {
			isa = PBXGroup;
			children = (
				65D5D971261E37C00082AA23 /* WebService.swift */,
			);
			path = Services;
			sourceTree = "<group>";
		};
		65D5DA14261F5C9A0082AA23 /* Extentions */ = {
			isa = PBXGroup;
			children = (
				65D5DA412620C6740082AA23 /* AlertDisplayer.swift */,
			);
			path = Extentions;
			sourceTree = "<group>";
		};
		65D5DA6026211C1F0082AA23 /* General */ = {
			isa = PBXGroup;
			children = (
				65D5D90E261E21920082AA23 /* AppDelegate.swift */,
				65D5D910261E21920082AA23 /* SceneDelegate.swift */,
				65D5D91A261E21940082AA23 /* Assets.xcassets */,
				65D5D91C261E21940082AA23 /* LaunchScreen.storyboard */,
			);
			path = General;
			sourceTree = "<group>";
		};
		82DE3847E374AF497BA04CE3 /* Pods */ = {
			isa = PBXGroup;
			children = (
				2C48056E15BACA499C372A28 /* Pods-ItgTestTask.debug.xcconfig */,
				BEF8A6310CB57E340180B60D /* Pods-ItgTestTask.release.xcconfig */,
				DE902BB72A10F9283AECD5BE /* Pods-ItgTestTask-ItgTestTaskUITests.debug.xcconfig */,
				F03F558EC76568BEAA5BF0E1 /* Pods-ItgTestTask-ItgTestTaskUITests.release.xcconfig */,
				EE614AB90D8E6752852E4E22 /* Pods-ItgTestTaskTests.debug.xcconfig */,
				F37CCEBA36CA85E77A3924D8 /* Pods-ItgTestTaskTests.release.xcconfig */,
			);
			path = Pods;
			sourceTree = "<group>";
		};
		B3E59ED981568879F513EA71 /* Frameworks */ = {
			isa = PBXGroup;
			children = (
				31416AF84884FCDA31785137 /* Pods_ItgTestTask.framework */,
				7BC8AD16C8DA5786F8889849 /* Pods_ItgTestTask_ItgTestTaskUITests.framework */,
				92D12489B9291053D6F8CF67 /* Pods_ItgTestTaskTests.framework */,
			);
			name = Frameworks;
			sourceTree = "<group>";
		};
/* End PBXGroup section */

/* Begin PBXNativeTarget section */
		65D5D90A261E21920082AA23 /* ItgTestTask */ = {
			isa = PBXNativeTarget;
			buildConfigurationList = 65D5D938261E21940082AA23 /* Build configuration list for PBXNativeTarget "ItgTestTask" */;
			buildPhases = (
				057201C58CB2A23E1AB412D6 /* [CP] Check Pods Manifest.lock */,
				65D5D907261E21920082AA23 /* Sources */,
				65D5D908261E21920082AA23 /* Frameworks */,
				65D5D909261E21920082AA23 /* Resources */,
				CAD52C5843CAD4D49A68DB81 /* [CP] Embed Pods Frameworks */,
			);
			buildRules = (
			);
			dependencies = (
			);
			name = ItgTestTask;
			productName = ItgTestTask;
			productReference = 65D5D90B261E21920082AA23 /* ItgTestTask.app */;
			productType = "com.apple.product-type.application";
		};
		65D5D923261E21940082AA23 /* ItgTestTaskTests */ = {
			isa = PBXNativeTarget;
			buildConfigurationList = 65D5D93B261E21940082AA23 /* Build configuration list for PBXNativeTarget "ItgTestTaskTests" */;
			buildPhases = (
				8E458AD41CD691870F79B201 /* [CP] Check Pods Manifest.lock */,
				65D5D920261E21940082AA23 /* Sources */,
				65D5D921261E21940082AA23 /* Frameworks */,
				65D5D922261E21940082AA23 /* Resources */,
			);
			buildRules = (
			);
			dependencies = (
				65D5D926261E21940082AA23 /* PBXTargetDependency */,
			);
			name = ItgTestTaskTests;
			productName = ItgTestTaskTests;
			productReference = 65D5D924261E21940082AA23 /* ItgTestTaskTests.xctest */;
			productType = "com.apple.product-type.bundle.unit-test";
		};
		65D5D92E261E21940082AA23 /* ItgTestTaskUITests */ = {
			isa = PBXNativeTarget;
			buildConfigurationList = 65D5D93E261E21940082AA23 /* Build configuration list for PBXNativeTarget "ItgTestTaskUITests" */;
			buildPhases = (
				008EA4D56D3A85675409080C /* [CP] Check Pods Manifest.lock */,
				65D5D92B261E21940082AA23 /* Sources */,
				65D5D92C261E21940082AA23 /* Frameworks */,
				65D5D92D261E21940082AA23 /* Resources */,
				026A2BA15B126C892A6707DF /* [CP] Embed Pods Frameworks */,
			);
			buildRules = (
			);
			dependencies = (
				65D5D931261E21940082AA23 /* PBXTargetDependency */,
			);
			name = ItgTestTaskUITests;
			productName = ItgTestTaskUITests;
			productReference = 65D5D92F261E21940082AA23 /* ItgTestTaskUITests.xctest */;
			productType = "com.apple.product-type.bundle.ui-testing";
		};
/* End PBXNativeTarget section */

/* Begin PBXProject section */
		65D5D903261E21920082AA23 /* Project object */ = {
			isa = PBXProject;
			attributes = {
				LastSwiftUpdateCheck = 1240;
				LastUpgradeCheck = 1240;
				TargetAttributes = {
					65D5D90A261E21920082AA23 = {
						CreatedOnToolsVersion = 12.4;
					};
					65D5D923261E21940082AA23 = {
						CreatedOnToolsVersion = 12.4;
						TestTargetID = 65D5D90A261E21920082AA23;
					};
					65D5D92E261E21940082AA23 = {
						CreatedOnToolsVersion = 12.4;
						TestTargetID = 65D5D90A261E21920082AA23;
					};
				};
			};
			buildConfigurationList = 65D5D906261E21920082AA23 /* Build configuration list for PBXProject "ItgTestTask" */;
			compatibilityVersion = "Xcode 9.3";
			developmentRegion = en;
			hasScannedForEncodings = 0;
			knownRegions = (
				en,
				Base,
			);
			mainGroup = 65D5D902261E21920082AA23;
			productRefGroup = 65D5D90C261E21920082AA23 /* Products */;
			projectDirPath = "";
			projectRoot = "";
			targets = (
				65D5D90A261E21920082AA23 /* ItgTestTask */,
				65D5D923261E21940082AA23 /* ItgTestTaskTests */,
				65D5D92E261E21940082AA23 /* ItgTestTaskUITests */,
			);
		};
/* End PBXProject section */

/* Begin PBXResourcesBuildPhase section */
		65D5D909261E21920082AA23 /* Resources */ = {
			isa = PBXResourcesBuildPhase;
			buildActionMask = 2147483647;
			files = (
				65D5D979261E41FF0082AA23 /* UserCell.xib in Resources */,
				65D5D91E261E21940082AA23 /* LaunchScreen.storyboard in Resources */,
				65D5D91B261E21940082AA23 /* Assets.xcassets in Resources */,
				65D5D916261E21920082AA23 /* Main.storyboard in Resources */,
			);
			runOnlyForDeploymentPostprocessing = 0;
		};
		65D5D922261E21940082AA23 /* Resources */ = {
			isa = PBXResourcesBuildPhase;
			buildActionMask = 2147483647;
			files = (
			);
			runOnlyForDeploymentPostprocessing = 0;
		};
		65D5D92D261E21940082AA23 /* Resources */ = {
			isa = PBXResourcesBuildPhase;
			buildActionMask = 2147483647;
			files = (
			);
			runOnlyForDeploymentPostprocessing = 0;
		};
/* End PBXResourcesBuildPhase section */

/* Begin PBXShellScriptBuildPhase section */
		008EA4D56D3A85675409080C /* [CP] Check Pods Manifest.lock */ = {
			isa = PBXShellScriptBuildPhase;
			buildActionMask = 2147483647;
			files = (
			);
			inputFileListPaths = (
			);
			inputPaths = (
				"${PODS_PODFILE_DIR_PATH}/Podfile.lock",
				"${PODS_ROOT}/Manifest.lock",
			);
			name = "[CP] Check Pods Manifest.lock";
			outputFileListPaths = (
			);
			outputPaths = (
				"$(DERIVED_FILE_DIR)/Pods-ItgTestTask-ItgTestTaskUITests-checkManifestLockResult.txt",
			);
			runOnlyForDeploymentPostprocessing = 0;
			shellPath = /bin/sh;
			shellScript = "diff \"${PODS_PODFILE_DIR_PATH}/Podfile.lock\" \"${PODS_ROOT}/Manifest.lock\" > /dev/null\nif [ $? != 0 ] ; then\n    # print error to STDERR\n    echo \"error: The sandbox is not in sync with the Podfile.lock. Run 'pod install' or update your CocoaPods installation.\" >&2\n    exit 1\nfi\n# This output is used by Xcode 'outputs' to avoid re-running this script phase.\necho \"SUCCESS\" > \"${SCRIPT_OUTPUT_FILE_0}\"\n";
			showEnvVarsInLog = 0;
		};
		026A2BA15B126C892A6707DF /* [CP] Embed Pods Frameworks */ = {
			isa = PBXShellScriptBuildPhase;
			buildActionMask = 2147483647;
			files = (
			);
			inputFileListPaths = (
				"${PODS_ROOT}/Target Support Files/Pods-ItgTestTask-ItgTestTaskUITests/Pods-ItgTestTask-ItgTestTaskUITests-frameworks-${CONFIGURATION}-input-files.xcfilelist",
			);
			name = "[CP] Embed Pods Frameworks";
			outputFileListPaths = (
				"${PODS_ROOT}/Target Support Files/Pods-ItgTestTask-ItgTestTaskUITests/Pods-ItgTestTask-ItgTestTaskUITests-frameworks-${CONFIGURATION}-output-files.xcfilelist",
			);
			runOnlyForDeploymentPostprocessing = 0;
			shellPath = /bin/sh;
			shellScript = "\"${PODS_ROOT}/Target Support Files/Pods-ItgTestTask-ItgTestTaskUITests/Pods-ItgTestTask-ItgTestTaskUITests-frameworks.sh\"\n";
			showEnvVarsInLog = 0;
		};
		057201C58CB2A23E1AB412D6 /* [CP] Check Pods Manifest.lock */ = {
			isa = PBXShellScriptBuildPhase;
			buildActionMask = 2147483647;
			files = (
			);
			inputFileListPaths = (
			);
			inputPaths = (
				"${PODS_PODFILE_DIR_PATH}/Podfile.lock",
				"${PODS_ROOT}/Manifest.lock",
			);
			name = "[CP] Check Pods Manifest.lock";
			outputFileListPaths = (
			);
			outputPaths = (
				"$(DERIVED_FILE_DIR)/Pods-ItgTestTask-checkManifestLockResult.txt",
			);
			runOnlyForDeploymentPostprocessing = 0;
			shellPath = /bin/sh;
			shellScript = "diff \"${PODS_PODFILE_DIR_PATH}/Podfile.lock\" \"${PODS_ROOT}/Manifest.lock\" > /dev/null\nif [ $? != 0 ] ; then\n    # print error to STDERR\n    echo \"error: The sandbox is not in sync with the Podfile.lock. Run 'pod install' or update your CocoaPods installation.\" >&2\n    exit 1\nfi\n# This output is used by Xcode 'outputs' to avoid re-running this script phase.\necho \"SUCCESS\" > \"${SCRIPT_OUTPUT_FILE_0}\"\n";
			showEnvVarsInLog = 0;
		};
		8E458AD41CD691870F79B201 /* [CP] Check Pods Manifest.lock */ = {
			isa = PBXShellScriptBuildPhase;
			buildActionMask = 2147483647;
			files = (
			);
			inputFileListPaths = (
			);
			inputPaths = (
				"${PODS_PODFILE_DIR_PATH}/Podfile.lock",
				"${PODS_ROOT}/Manifest.lock",
			);
			name = "[CP] Check Pods Manifest.lock";
			outputFileListPaths = (
			);
			outputPaths = (
				"$(DERIVED_FILE_DIR)/Pods-ItgTestTaskTests-checkManifestLockResult.txt",
			);
			runOnlyForDeploymentPostprocessing = 0;
			shellPath = /bin/sh;
			shellScript = "diff \"${PODS_PODFILE_DIR_PATH}/Podfile.lock\" \"${PODS_ROOT}/Manifest.lock\" > /dev/null\nif [ $? != 0 ] ; then\n    # print error to STDERR\n    echo \"error: The sandbox is not in sync with the Podfile.lock. Run 'pod install' or update your CocoaPods installation.\" >&2\n    exit 1\nfi\n# This output is used by Xcode 'outputs' to avoid re-running this script phase.\necho \"SUCCESS\" > \"${SCRIPT_OUTPUT_FILE_0}\"\n";
			showEnvVarsInLog = 0;
		};
		CAD52C5843CAD4D49A68DB81 /* [CP] Embed Pods Frameworks */ = {
			isa = PBXShellScriptBuildPhase;
			buildActionMask = 2147483647;
			files = (
			);
			inputFileListPaths = (
				"${PODS_ROOT}/Target Support Files/Pods-ItgTestTask/Pods-ItgTestTask-frameworks-${CONFIGURATION}-input-files.xcfilelist",
			);
			name = "[CP] Embed Pods Frameworks";
			outputFileListPaths = (
				"${PODS_ROOT}/Target Support Files/Pods-ItgTestTask/Pods-ItgTestTask-frameworks-${CONFIGURATION}-output-files.xcfilelist",
			);
			runOnlyForDeploymentPostprocessing = 0;
			shellPath = /bin/sh;
			shellScript = "\"${PODS_ROOT}/Target Support Files/Pods-ItgTestTask/Pods-ItgTestTask-frameworks.sh\"\n";
			showEnvVarsInLog = 0;
		};
/* End PBXShellScriptBuildPhase section */

/* Begin PBXSourcesBuildPhase section */
		65D5D907261E21920082AA23 /* Sources */ = {
			isa = PBXSourcesBuildPhase;
			buildActionMask = 2147483647;
			files = (
				65D5DA422620C6740082AA23 /* AlertDisplayer.swift in Sources */,
				65D5D972261E37C00082AA23 /* WebService.swift in Sources */,
				65D5D90F261E21920082AA23 /* AppDelegate.swift in Sources */,
				65D5D958261E31380082AA23 /* SecondScreenViewController.swift in Sources */,
				65D5D953261E30F50082AA23 /* FirstScreenViewController.swift in Sources */,
				65D5D96D261E35CF0082AA23 /* User.swift in Sources */,
				65D5DA5C2620D3320082AA23 /* ProfileViewModel.swift in Sources */,
				65D5D911261E21920082AA23 /* SceneDelegate.swift in Sources */,
				65D5D965261E35810082AA23 /* UsersListModel.swift in Sources */,
				65D5D978261E41FF0082AA23 /* UserCell.swift in Sources */,
				65D5DA3D262097F30082AA23 /* UsersListViewModel.swift in Sources */,
				65D5D919261E21920082AA23 /* ItgTestTask.xcdatamodeld in Sources */,
			);
			runOnlyForDeploymentPostprocessing = 0;
		};
		65D5D920261E21940082AA23 /* Sources */ = {
			isa = PBXSourcesBuildPhase;
			buildActionMask = 2147483647;
			files = (
				65D5D929261E21940082AA23 /* ItgTestTaskTests.swift in Sources */,
			);
			runOnlyForDeploymentPostprocessing = 0;
		};
		65D5D92B261E21940082AA23 /* Sources */ = {
			isa = PBXSourcesBuildPhase;
			buildActionMask = 2147483647;
			files = (
				65D5D934261E21940082AA23 /* ItgTestTaskUITests.swift in Sources */,
			);
			runOnlyForDeploymentPostprocessing = 0;
		};
/* End PBXSourcesBuildPhase section */

/* Begin PBXTargetDependency section */
		65D5D926261E21940082AA23 /* PBXTargetDependency */ = {
			isa = PBXTargetDependency;
			target = 65D5D90A261E21920082AA23 /* ItgTestTask */;
			targetProxy = 65D5D925261E21940082AA23 /* PBXContainerItemProxy */;
		};
		65D5D931261E21940082AA23 /* PBXTargetDependency */ = {
			isa = PBXTargetDependency;
			target = 65D5D90A261E21920082AA23 /* ItgTestTask */;
			targetProxy = 65D5D930261E21940082AA23 /* PBXContainerItemProxy */;
		};
/* End PBXTargetDependency section */

/* Begin PBXVariantGroup section */
		65D5D914261E21920082AA23 /* Main.storyboard */ = {
			isa = PBXVariantGroup;
			children = (
				65D5D915261E21920082AA23 /* Base */,
			);
			name = Main.storyboard;
			sourceTree = "<group>";
		};
		65D5D91C261E21940082AA23 /* LaunchScreen.storyboard */ = {
			isa = PBXVariantGroup;
			children = (
				65D5D91D261E21940082AA23 /* Base */,
			);
			name = LaunchScreen.storyboard;
			sourceTree = "<group>";
		};
/* End PBXVariantGroup section */

/* Begin XCBuildConfiguration section */
		65D5D936261E21940082AA23 /* Debug */ = {
			isa = XCBuildConfiguration;
			buildSettings = {
				ALWAYS_SEARCH_USER_PATHS = NO;
				CLANG_ANALYZER_NONNULL = YES;
				CLANG_ANALYZER_NUMBER_OBJECT_CONVERSION = YES_AGGRESSIVE;
				CLANG_CXX_LANGUAGE_STANDARD = "gnu++14";
				CLANG_CXX_LIBRARY = "libc++";
				CLANG_ENABLE_MODULES = YES;
				CLANG_ENABLE_OBJC_ARC = YES;
				CLANG_ENABLE_OBJC_WEAK = YES;
				CLANG_WARN_BLOCK_CAPTURE_AUTORELEASING = YES;
				CLANG_WARN_BOOL_CONVERSION = YES;
				CLANG_WARN_COMMA = YES;
				CLANG_WARN_CONSTANT_CONVERSION = YES;
				CLANG_WARN_DEPRECATED_OBJC_IMPLEMENTATIONS = YES;
				CLANG_WARN_DIRECT_OBJC_ISA_USAGE = YES_ERROR;
				CLANG_WARN_DOCUMENTATION_COMMENTS = YES;
				CLANG_WARN_EMPTY_BODY = YES;
				CLANG_WARN_ENUM_CONVERSION = YES;
				CLANG_WARN_INFINITE_RECURSION = YES;
				CLANG_WARN_INT_CONVERSION = YES;
				CLANG_WARN_NON_LITERAL_NULL_CONVERSION = YES;
				CLANG_WARN_OBJC_IMPLICIT_RETAIN_SELF = YES;
				CLANG_WARN_OBJC_LITERAL_CONVERSION = YES;
				CLANG_WARN_OBJC_ROOT_CLASS = YES_ERROR;
				CLANG_WARN_QUOTED_INCLUDE_IN_FRAMEWORK_HEADER = YES;
				CLANG_WARN_RANGE_LOOP_ANALYSIS = YES;
				CLANG_WARN_STRICT_PROTOTYPES = YES;
				CLANG_WARN_SUSPICIOUS_MOVE = YES;
				CLANG_WARN_UNGUARDED_AVAILABILITY = YES_AGGRESSIVE;
				CLANG_WARN_UNREACHABLE_CODE = YES;
				CLANG_WARN__DUPLICATE_METHOD_MATCH = YES;
				COPY_PHASE_STRIP = NO;
				DEBUG_INFORMATION_FORMAT = dwarf;
				ENABLE_STRICT_OBJC_MSGSEND = YES;
				ENABLE_TESTABILITY = YES;
				GCC_C_LANGUAGE_STANDARD = gnu11;
				GCC_DYNAMIC_NO_PIC = NO;
				GCC_NO_COMMON_BLOCKS = YES;
				GCC_OPTIMIZATION_LEVEL = 0;
				GCC_PREPROCESSOR_DEFINITIONS = (
					"DEBUG=1",
					"$(inherited)",
				);
				GCC_WARN_64_TO_32_BIT_CONVERSION = YES;
				GCC_WARN_ABOUT_RETURN_TYPE = YES_ERROR;
				GCC_WARN_UNDECLARED_SELECTOR = YES;
				GCC_WARN_UNINITIALIZED_AUTOS = YES_AGGRESSIVE;
				GCC_WARN_UNUSED_FUNCTION = YES;
				GCC_WARN_UNUSED_VARIABLE = YES;
				IPHONEOS_DEPLOYMENT_TARGET = 14.4;
				MTL_ENABLE_DEBUG_INFO = INCLUDE_SOURCE;
				MTL_FAST_MATH = YES;
				ONLY_ACTIVE_ARCH = YES;
				SDKROOT = iphoneos;
				SWIFT_ACTIVE_COMPILATION_CONDITIONS = DEBUG;
				SWIFT_OPTIMIZATION_LEVEL = "-Onone";
			};
			name = Debug;
		};
		65D5D937261E21940082AA23 /* Release */ = {
			isa = XCBuildConfiguration;
			buildSettings = {
				ALWAYS_SEARCH_USER_PATHS = NO;
				CLANG_ANALYZER_NONNULL = YES;
				CLANG_ANALYZER_NUMBER_OBJECT_CONVERSION = YES_AGGRESSIVE;
				CLANG_CXX_LANGUAGE_STANDARD = "gnu++14";
				CLANG_CXX_LIBRARY = "libc++";
				CLANG_ENABLE_MODULES = YES;
				CLANG_ENABLE_OBJC_ARC = YES;
				CLANG_ENABLE_OBJC_WEAK = YES;
				CLANG_WARN_BLOCK_CAPTURE_AUTORELEASING = YES;
				CLANG_WARN_BOOL_CONVERSION = YES;
				CLANG_WARN_COMMA = YES;
				CLANG_WARN_CONSTANT_CONVERSION = YES;
				CLANG_WARN_DEPRECATED_OBJC_IMPLEMENTATIONS = YES;
				CLANG_WARN_DIRECT_OBJC_ISA_USAGE = YES_ERROR;
				CLANG_WARN_DOCUMENTATION_COMMENTS = YES;
				CLANG_WARN_EMPTY_BODY = YES;
				CLANG_WARN_ENUM_CONVERSION = YES;
				CLANG_WARN_INFINITE_RECURSION = YES;
				CLANG_WARN_INT_CONVERSION = YES;
				CLANG_WARN_NON_LITERAL_NULL_CONVERSION = YES;
				CLANG_WARN_OBJC_IMPLICIT_RETAIN_SELF = YES;
				CLANG_WARN_OBJC_LITERAL_CONVERSION = YES;
				CLANG_WARN_OBJC_ROOT_CLASS = YES_ERROR;
				CLANG_WARN_QUOTED_INCLUDE_IN_FRAMEWORK_HEADER = YES;
				CLANG_WARN_RANGE_LOOP_ANALYSIS = YES;
				CLANG_WARN_STRICT_PROTOTYPES = YES;
				CLANG_WARN_SUSPICIOUS_MOVE = YES;
				CLANG_WARN_UNGUARDED_AVAILABILITY = YES_AGGRESSIVE;
				CLANG_WARN_UNREACHABLE_CODE = YES;
				CLANG_WARN__DUPLICATE_METHOD_MATCH = YES;
				COPY_PHASE_STRIP = NO;
				DEBUG_INFORMATION_FORMAT = "dwarf-with-dsym";
				ENABLE_NS_ASSERTIONS = NO;
				ENABLE_STRICT_OBJC_MSGSEND = YES;
				GCC_C_LANGUAGE_STANDARD = gnu11;
				GCC_NO_COMMON_BLOCKS = YES;
				GCC_WARN_64_TO_32_BIT_CONVERSION = YES;
				GCC_WARN_ABOUT_RETURN_TYPE = YES_ERROR;
				GCC_WARN_UNDECLARED_SELECTOR = YES;
				GCC_WARN_UNINITIALIZED_AUTOS = YES_AGGRESSIVE;
				GCC_WARN_UNUSED_FUNCTION = YES;
				GCC_WARN_UNUSED_VARIABLE = YES;
				IPHONEOS_DEPLOYMENT_TARGET = 14.4;
				MTL_ENABLE_DEBUG_INFO = NO;
				MTL_FAST_MATH = YES;
				SDKROOT = iphoneos;
				SWIFT_COMPILATION_MODE = wholemodule;
				SWIFT_OPTIMIZATION_LEVEL = "-O";
				VALIDATE_PRODUCT = YES;
			};
			name = Release;
		};
		65D5D939261E21940082AA23 /* Debug */ = {
			isa = XCBuildConfiguration;
			baseConfigurationReference = 2C48056E15BACA499C372A28 /* Pods-ItgTestTask.debug.xcconfig */;
			buildSettings = {
				ASSETCATALOG_COMPILER_APPICON_NAME = AppIcon;
				ASSETCATALOG_COMPILER_GLOBAL_ACCENT_COLOR_NAME = AccentColor;
				CODE_SIGN_STYLE = Automatic;
				DEVELOPMENT_TEAM = LFJP38VF5Y;
				INFOPLIST_FILE = ItgTestTask/Info.plist;
				LD_RUNPATH_SEARCH_PATHS = (
					"$(inherited)",
					"@executable_path/Frameworks",
				);
				PRODUCT_BUNDLE_IDENTIFIER = com.qasem.ItgTestTask;
				PRODUCT_NAME = "$(TARGET_NAME)";
				SWIFT_VERSION = 5.0;
				TARGETED_DEVICE_FAMILY = "1,2";
			};
			name = Debug;
		};
		65D5D93A261E21940082AA23 /* Release */ = {
			isa = XCBuildConfiguration;
			baseConfigurationReference = BEF8A6310CB57E340180B60D /* Pods-ItgTestTask.release.xcconfig */;
			buildSettings = {
				ASSETCATALOG_COMPILER_APPICON_NAME = AppIcon;
				ASSETCATALOG_COMPILER_GLOBAL_ACCENT_COLOR_NAME = AccentColor;
				CODE_SIGN_STYLE = Automatic;
				DEVELOPMENT_TEAM = LFJP38VF5Y;
				INFOPLIST_FILE = ItgTestTask/Info.plist;
				LD_RUNPATH_SEARCH_PATHS = (
					"$(inherited)",
					"@executable_path/Frameworks",
				);
				PRODUCT_BUNDLE_IDENTIFIER = com.qasem.ItgTestTask;
				PRODUCT_NAME = "$(TARGET_NAME)";
				SWIFT_VERSION = 5.0;
				TARGETED_DEVICE_FAMILY = "1,2";
			};
			name = Release;
		};
		65D5D93C261E21940082AA23 /* Debug */ = {
			isa = XCBuildConfiguration;
			baseConfigurationReference = EE614AB90D8E6752852E4E22 /* Pods-ItgTestTaskTests.debug.xcconfig */;
			buildSettings = {
				ALWAYS_EMBED_SWIFT_STANDARD_LIBRARIES = YES;
				BUNDLE_LOADER = "$(TEST_HOST)";
				CODE_SIGN_STYLE = Automatic;
				DEVELOPMENT_TEAM = LFJP38VF5Y;
				INFOPLIST_FILE = ItgTestTaskTests/Info.plist;
				IPHONEOS_DEPLOYMENT_TARGET = 14.4;
				LD_RUNPATH_SEARCH_PATHS = (
					"$(inherited)",
					"@executable_path/Frameworks",
					"@loader_path/Frameworks",
				);
				PRODUCT_BUNDLE_IDENTIFIER = com.qasem.ItgTestTaskTests;
				PRODUCT_NAME = "$(TARGET_NAME)";
				SWIFT_VERSION = 5.0;
				TARGETED_DEVICE_FAMILY = "1,2";
				TEST_HOST = "$(BUILT_PRODUCTS_DIR)/ItgTestTask.app/ItgTestTask";
			};
			name = Debug;
		};
		65D5D93D261E21940082AA23 /* Release */ = {
			isa = XCBuildConfiguration;
			baseConfigurationReference = F37CCEBA36CA85E77A3924D8 /* Pods-ItgTestTaskTests.release.xcconfig */;
			buildSettings = {
				ALWAYS_EMBED_SWIFT_STANDARD_LIBRARIES = YES;
				BUNDLE_LOADER = "$(TEST_HOST)";
				CODE_SIGN_STYLE = Automatic;
				DEVELOPMENT_TEAM = LFJP38VF5Y;
				INFOPLIST_FILE = ItgTestTaskTests/Info.plist;
				IPHONEOS_DEPLOYMENT_TARGET = 14.4;
				LD_RUNPATH_SEARCH_PATHS = (
					"$(inherited)",
					"@executable_path/Frameworks",
					"@loader_path/Frameworks",
				);
				PRODUCT_BUNDLE_IDENTIFIER = com.qasem.ItgTestTaskTests;
				PRODUCT_NAME = "$(TARGET_NAME)";
				SWIFT_VERSION = 5.0;
				TARGETED_DEVICE_FAMILY = "1,2";
				TEST_HOST = "$(BUILT_PRODUCTS_DIR)/ItgTestTask.app/ItgTestTask";
			};
			name = Release;
		};
		65D5D93F261E21940082AA23 /* Debug */ = {
			isa = XCBuildConfiguration;
			baseConfigurationReference = DE902BB72A10F9283AECD5BE /* Pods-ItgTestTask-ItgTestTaskUITests.debug.xcconfig */;
			buildSettings = {
				ALWAYS_EMBED_SWIFT_STANDARD_LIBRARIES = YES;
				CODE_SIGN_STYLE = Automatic;
				DEVELOPMENT_TEAM = LFJP38VF5Y;
				INFOPLIST_FILE = ItgTestTaskUITests/Info.plist;
				LD_RUNPATH_SEARCH_PATHS = (
					"$(inherited)",
					"@executable_path/Frameworks",
					"@loader_path/Frameworks",
				);
				PRODUCT_BUNDLE_IDENTIFIER = com.qasem.ItgTestTaskUITests;
				PRODUCT_NAME = "$(TARGET_NAME)";
				SWIFT_VERSION = 5.0;
				TARGETED_DEVICE_FAMILY = "1,2";
				TEST_TARGET_NAME = ItgTestTask;
			};
			name = Debug;
		};
		65D5D940261E21940082AA23 /* Release */ = {
			isa = XCBuildConfiguration;
			baseConfigurationReference = F03F558EC76568BEAA5BF0E1 /* Pods-ItgTestTask-ItgTestTaskUITests.release.xcconfig */;
			buildSettings = {
				ALWAYS_EMBED_SWIFT_STANDARD_LIBRARIES = YES;
				CODE_SIGN_STYLE = Automatic;
				DEVELOPMENT_TEAM = LFJP38VF5Y;
				INFOPLIST_FILE = ItgTestTaskUITests/Info.plist;
				LD_RUNPATH_SEARCH_PATHS = (
					"$(inherited)",
					"@executable_path/Frameworks",
					"@loader_path/Frameworks",
				);
				PRODUCT_BUNDLE_IDENTIFIER = com.qasem.ItgTestTaskUITests;
				PRODUCT_NAME = "$(TARGET_NAME)";
				SWIFT_VERSION = 5.0;
				TARGETED_DEVICE_FAMILY = "1,2";
				TEST_TARGET_NAME = ItgTestTask;
			};
			name = Release;
		};
/* End XCBuildConfiguration section */

/* Begin XCConfigurationList section */
		65D5D906261E21920082AA23 /* Build configuration list for PBXProject "ItgTestTask" */ = {
			isa = XCConfigurationList;
			buildConfigurations = (
				65D5D936261E21940082AA23 /* Debug */,
				65D5D937261E21940082AA23 /* Release */,
			);
			defaultConfigurationIsVisible = 0;
			defaultConfigurationName = Release;
		};
		65D5D938261E21940082AA23 /* Build configuration list for PBXNativeTarget "ItgTestTask" */ = {
			isa = XCConfigurationList;
			buildConfigurations = (
				65D5D939261E21940082AA23 /* Debug */,
				65D5D93A261E21940082AA23 /* Release */,
			);
			defaultConfigurationIsVisible = 0;
			defaultConfigurationName = Release;
		};
		65D5D93B261E21940082AA23 /* Build configuration list for PBXNativeTarget "ItgTestTaskTests" */ = {
			isa = XCConfigurationList;
			buildConfigurations = (
				65D5D93C261E21940082AA23 /* Debug */,
				65D5D93D261E21940082AA23 /* Release */,
			);
			defaultConfigurationIsVisible = 0;
			defaultConfigurationName = Release;
		};
		65D5D93E261E21940082AA23 /* Build configuration list for PBXNativeTarget "ItgTestTaskUITests" */ = {
			isa = XCConfigurationList;
			buildConfigurations = (
				65D5D93F261E21940082AA23 /* Debug */,
				65D5D940261E21940082AA23 /* Release */,
			);
			defaultConfigurationIsVisible = 0;
			defaultConfigurationName = Release;
		};
/* End XCConfigurationList section */

/* Begin XCVersionGroup section */
		65D5D917261E21920082AA23 /* ItgTestTask.xcdatamodeld */ = {
			isa = XCVersionGroup;
			children = (
				65D5D918261E21920082AA23 /* ItgTestTask.xcdatamodel */,
			);
			currentVersion = 65D5D918261E21920082AA23 /* ItgTestTask.xcdatamodel */;
			path = ItgTestTask.xcdatamodeld;
			sourceTree = "<group>";
			versionGroupType = wrapper.xcdatamodel;
		};
/* End XCVersionGroup section */
	};
	rootObject = 65D5D903261E21920082AA23 /* Project object */;
}
